
Microsoft Visual Studio Solution File, Format Version 12.00
# Visual Studio 2013
VisualStudioVersion = 12.0.30723.0
MinimumVisualStudioVersion = 10.0.40219.1
Project("{FAE04EC0-301F-11D3-BF4B-00C04F79EFBC}") = "AddOwnerHelper", "AddOwnerHelper\AddOwnerHelper.csproj", "{46EF0398-5A94-4D35-A58C-7BD7CD631A08}"
EndProject
Project("{FAE04EC0-301F-11D3-BF4B-00C04F79EFBC}") = "AddOwnerHelper.Tests", "AddOwnerHelper.Tests\AddOwnerHelper.Tests.csproj", "{AA28762E-77AE-4C10-8B43-39CAE1C9BFF5}"
EndProject
Global
	GlobalSection(SolutionConfigurationPlatforms) = preSolution
		Debug|Any CPU = Debug|Any CPU
		Release|Any CPU = Release|Any CPU
	EndGlobalSection
	GlobalSection(ProjectConfigurationPlatforms) = postSolution
		{46EF0398-5A94-4D35-A58C-7BD7CD631A08}.Debug|Any CPU.ActiveCfg = Debug|Any CPU
		{46EF0398-5A94-4D35-A58C-7BD7CD631A08}.Debug|Any CPU.Build.0 = Debug|Any CPU
		{46EF0398-5A94-4D35-A58C-7BD7CD631A08}.Release|Any CPU.ActiveCfg = Release|Any CPU
		{46EF0398-5A94-4D35-A58C-7BD7CD631A08}.Release|Any CPU.Build.0 = Release|Any CPU
		{AA28762E-77AE-4C10-8B43-39CAE1C9BFF5}.Debug|Any CPU.ActiveCfg = Debug|Any CPU
		{AA28762E-77AE-4C10-8B43-39CAE1C9BFF5}.Debug|Any CPU.Build.0 = Debug|Any CPU
		{AA28762E-77AE-4C10-8B43-39CAE1C9BFF5}.Release|Any CPU.ActiveCfg = Release|Any CPU
		{AA28762E-77AE-4C10-8B43-39CAE1C9BFF5}.Release|Any CPU.Build.0 = Release|Any CPU
	EndGlobalSection
	GlobalSection(SolutionProperties) = preSolution
		HideSolutionNode = FALSE
	EndGlobalSection
EndGlobal
